<?xml version="1.0" encoding="utf-8"?>
<Project ToolsVersion="4.0" xmlns="http://schemas.microsoft.com/developer/msbuild/2003">
  <ItemGroup>
    <Filter Include="Source Files">
      <UniqueIdentifier>{4FC737F1-C7A5-4376-A066-2A32D752A2FF}</UniqueIdentifier>
      <Extensions>cpp;c;cc;cxx;c++;cppm;ixx;def;odl;idl;hpj;bat;asm;asmx</Extensions>
    </Filter>
    <Filter Include="Header Files">
      <UniqueIdentifier>{93995380-89BD-4b04-88EB-625FBE52EBFB}</UniqueIdentifier>
      <Extensions>h;hh;hpp;hxx;h++;hm;inl;inc;ipp;xsd</Extensions>
    </Filter>
    <Filter Include="Resource Files">
      <UniqueIdentifier>{67DA6AB6-F800-4c08-8B7A-83BB121AAD01}</UniqueIdentifier>
      <Extensions>rc;ico;cur;bmp;dlg;rc2;rct;bin;rgs;gif;jpg;jpeg;jpe;resx;tiff;tif;png;wav;mfcribbon-ms</Extensions>
    </Filter>
    <Filter Include="Source Files\3DObject">
      <UniqueIdentifier>{68e4bdec-dc47-4ae4-aed0-0d71791f1afe}</UniqueIdentifier>
    </Filter>
    <Filter Include="Header Files\structdefs">
      <UniqueIdentifier>{4c83497c-b0d3-4f68-bba1-c8940bdfefcf}</UniqueIdentifier>
    </Filter>
    <Filter Include="Header Files\3DObject">
      <UniqueIdentifier>{a96e1d41-042e-4823-9cba-6ed95f4d2c2d}</UniqueIdentifier>
    </Filter>
    <Filter Include="Header Files\EventListener">
      <UniqueIdentifier>{9f55d73e-fa36-4311-a322-63239b9a9615}</UniqueIdentifier>
    </Filter>
    <Filter Include="Source Files\EventListener">
      <UniqueIdentifier>{3d6a4036-c140-4c4e-ba4a-780b49910597}</UniqueIdentifier>
    </Filter>
  </ItemGroup>
  <ItemGroup>
    <ClCompile Include="main.cpp">
      <Filter>Source Files</Filter>
    </ClCompile>
    <ClCompile Include="Engine.cpp">
      <Filter>Source Files</Filter>
    </ClCompile>
    <ClCompile Include="Object3D.cpp">
      <Filter>Source Files\3DObject</Filter>
    </ClCompile>
    <ClCompile Include="Rectangle.cpp">
      <Filter>Source Files\3DObject</Filter>
    </ClCompile>
    <ClCompile Include="KeyPressListener.cpp">
      <Filter>Source Files\EventListener</Filter>
    </ClCompile>
    <ClCompile Include="Triangle.cpp">
      <Filter>Source Files\3DObject</Filter>
    </ClCompile>
  </ItemGroup>
  <ItemGroup>
    <ClInclude Include="Engine.h">
      <Filter>Header Files</Filter>
    </ClInclude>
    <ClInclude Include="resource.h">
      <Filter>Header Files</Filter>
    </ClInclude>
    <ClInclude Include="Vector3Df.h">
      <Filter>Header Files\structdefs</Filter>
    </ClInclude>
    <ClInclude Include="Rotation.h">
      <Filter>Header Files\structdefs</Filter>
    </ClInclude>
    <ClInclude Include="Object3D.h">
      <Filter>Header Files\3DObject</Filter>
    </ClInclude>
    <ClInclude Include="Rectangle.h">
      <Filter>Header Files\3DObject</Filter>
    </ClInclude>
    <ClInclude Include="Color3f.h">
      <Filter>Header Files\structdefs</Filter>
    </ClInclude>
    <ClInclude Include="KeyPressListener.h">
      <Filter>Header Files\EventListener</Filter>
    </ClInclude>
    <ClInclude Include="Triangle.h">
      <Filter>Header Files\3DObject</Filter>
    </ClInclude>
  </ItemGroup>
</Project>